
Microsoft Visual Studio Solution File, Format Version 12.00
# Visual Studio Version 17
VisualStudioVersion = 17.0.32014.148
MinimumVisualStudioVersion = 10.0.40219.1
Project("{FAE04EC0-301F-11D3-BF4B-00C04F79EFBC}") = "Vu_CEIS209_Part1", "Vu_CEIS209_Part1\Vu_CEIS209_Part1.csproj", "{22E0D3E0-4E2C-420A-B7E5-1D0BDAA21629}"
EndProject
Global
	GlobalSection(SolutionConfigurationPlatforms) = preSolution
		Debug|Any CPU = Debug|Any CPU
		Release|Any CPU = Release|Any CPU
	EndGlobalSection
	GlobalSection(ProjectConfigurationPlatforms) = postSolution
		{22E0D3E0-4E2C-420A-B7E5-1D0BDAA21629}.Debug|Any CPU.ActiveCfg = Debug|Any CPU
		{22E0D3E0-4E2C-420A-B7E5-1D0BDAA21629}.Debug|Any CPU.Build.0 = Debug|Any CPU
		{22E0D3E0-4E2C-420A-B7E5-1D0BDAA21629}.Release|Any CPU.ActiveCfg = Release|Any CPU
		{22E0D3E0-4E2C-420A-B7E5-1D0BDAA21629}.Release|Any CPU.Build.0 = Release|Any CPU
	EndGlobalSection
	GlobalSection(SolutionProperties) = preSolution
		HideSolutionNode = FALSE
	EndGlobalSection
	GlobalSection(ExtensibilityGlobals) = postSolution
		SolutionGuid = {90C18040-A524-4CB2-A3DB-881646356DAC}
	EndGlobalSection
EndGlobal
